
Microsoft Visual Studio Solution File, Format Version 12.00
Project("{FAE04EC0-301F-11D3-BF4B-00C04F79EFBC}") = "Sandbox", "Sandbox.csproj", "{E842FB11-7D87-4CA4-A032-F6B277EFC88E}"
EndProject
Global
	GlobalSection(SolutionConfigurationPlatforms) = preSolution
		Debug|Any CPU = Debug|Any CPU
		Release|Any CPU = Release|Any CPU
	EndGlobalSection
	GlobalSection(ProjectConfigurationPlatforms) = postSolution
		{E842FB11-7D87-4CA4-A032-F6B277EFC88E}.Debug|Any CPU.ActiveCfg = Debug|Any CPU
		{E842FB11-7D87-4CA4-A032-F6B277EFC88E}.Debug|Any CPU.Build.0 = Debug|Any CPU
		{E842FB11-7D87-4CA4-A032-F6B277EFC88E}.Release|Any CPU.ActiveCfg = Release|Any CPU
		{E842FB11-7D87-4CA4-A032-F6B277EFC88E}.Release|Any CPU.Build.0 = Release|Any CPU
	EndGlobalSection
EndGlobal
